
Microsoft Visual Studio Solution File, Format Version 12.00
# Visual Studio Version 17
VisualStudioVersion = 17.8.34525.116
MinimumVisualStudioVersion = 10.0.40219.1
Project("{9A19103F-16F7-4668-BE54-9A1E7A4F7556}") = "Week5LogicalOperators", "Week5LogicalOperators\Week5LogicalOperators.csproj", "{D620701F-2EB7-47EA-9866-8F3073C9336F}"
EndProject
Project("{9A19103F-16F7-4668-BE54-9A1E7A4F7556}") = "ANDOperator", "ANDOperator\ANDOperator.csproj", "{C029B3CC-DA14-48F8-B510-9ED90A4B5945}"
EndProject
Project("{FAE04EC0-301F-11D3-BF4B-00C04F79EFBC}") = "OROperator", "OROperator\OROperator.csproj", "{758CEB8F-1724-4E01-AE15-CA34BD9D4F24}"
EndProject
Project("{FAE04EC0-301F-11D3-BF4B-00C04F79EFBC}") = "ANDRangers", "ANDRangers\ANDRangers.csproj", "{2E6314B3-DC0A-4372-9ADE-0218BEC943FF}"
EndProject
Global
	GlobalSection(SolutionConfigurationPlatforms) = preSolution
		Debug|Any CPU = Debug|Any CPU
		Release|Any CPU = Release|Any CPU
	EndGlobalSection
	GlobalSection(ProjectConfigurationPlatforms) = postSolution
		{D620701F-2EB7-47EA-9866-8F3073C9336F}.Debug|Any CPU.ActiveCfg = Debug|Any CPU
		{D620701F-2EB7-47EA-9866-8F3073C9336F}.Debug|Any CPU.Build.0 = Debug|Any CPU
		{D620701F-2EB7-47EA-9866-8F3073C9336F}.Release|Any CPU.ActiveCfg = Release|Any CPU
		{D620701F-2EB7-47EA-9866-8F3073C9336F}.Release|Any CPU.Build.0 = Release|Any CPU
		{C029B3CC-DA14-48F8-B510-9ED90A4B5945}.Debug|Any CPU.ActiveCfg = Debug|Any CPU
		{C029B3CC-DA14-48F8-B510-9ED90A4B5945}.Debug|Any CPU.Build.0 = Debug|Any CPU
		{C029B3CC-DA14-48F8-B510-9ED90A4B5945}.Release|Any CPU.ActiveCfg = Release|Any CPU
		{C029B3CC-DA14-48F8-B510-9ED90A4B5945}.Release|Any CPU.Build.0 = Release|Any CPU
		{758CEB8F-1724-4E01-AE15-CA34BD9D4F24}.Debug|Any CPU.ActiveCfg = Debug|Any CPU
		{758CEB8F-1724-4E01-AE15-CA34BD9D4F24}.Debug|Any CPU.Build.0 = Debug|Any CPU
		{758CEB8F-1724-4E01-AE15-CA34BD9D4F24}.Release|Any CPU.ActiveCfg = Release|Any CPU
		{758CEB8F-1724-4E01-AE15-CA34BD9D4F24}.Release|Any CPU.Build.0 = Release|Any CPU
		{2E6314B3-DC0A-4372-9ADE-0218BEC943FF}.Debug|Any CPU.ActiveCfg = Debug|Any CPU
		{2E6314B3-DC0A-4372-9ADE-0218BEC943FF}.Debug|Any CPU.Build.0 = Debug|Any CPU
		{2E6314B3-DC0A-4372-9ADE-0218BEC943FF}.Release|Any CPU.ActiveCfg = Release|Any CPU
		{2E6314B3-DC0A-4372-9ADE-0218BEC943FF}.Release|Any CPU.Build.0 = Release|Any CPU
	EndGlobalSection
	GlobalSection(SolutionProperties) = preSolution
		HideSolutionNode = FALSE
	EndGlobalSection
	GlobalSection(ExtensibilityGlobals) = postSolution
		SolutionGuid = {A50DD9E2-9BC9-4441-9F83-A7CE02D27718}
	EndGlobalSection
EndGlobal
